
Microsoft Visual Studio Solution File, Format Version 12.00
# Visual Studio Version 17
VisualStudioVersion = 17.11.35222.181
MinimumVisualStudioVersion = 10.0.40219.1
Project("{9A19103F-16F7-4668-BE54-9A1E7A4F7556}") = "CSharpMVC", "CSharpMVC\CSharpMVC.csproj", "{7C93DDE9-22D1-45C4-880B-BCE07578F05F}"
EndProject
Global
	GlobalSection(SolutionConfigurationPlatforms) = preSolution
		Debug|Any CPU = Debug|Any CPU
		Release|Any CPU = Release|Any CPU
	EndGlobalSection
	GlobalSection(ProjectConfigurationPlatforms) = postSolution
		{7C93DDE9-22D1-45C4-880B-BCE07578F05F}.Debug|Any CPU.ActiveCfg = Debug|Any CPU
		{7C93DDE9-22D1-45C4-880B-BCE07578F05F}.Debug|Any CPU.Build.0 = Debug|Any CPU
		{7C93DDE9-22D1-45C4-880B-BCE07578F05F}.Release|Any CPU.ActiveCfg = Release|Any CPU
		{7C93DDE9-22D1-45C4-880B-BCE07578F05F}.Release|Any CPU.Build.0 = Release|Any CPU
	EndGlobalSection
	GlobalSection(SolutionProperties) = preSolution
		HideSolutionNode = FALSE
	EndGlobalSection
	GlobalSection(ExtensibilityGlobals) = postSolution
		SolutionGuid = {CB99878D-4938-4B64-B3A7-D6F3F9100C91}
	EndGlobalSection
EndGlobal
